
Microsoft Visual Studio Solution File, Format Version 12.00
# Visual Studio Version 17
VisualStudioVersion = 17.9.34728.123
MinimumVisualStudioVersion = 10.0.40219.1
Project("{FAE04EC0-301F-11D3-BF4B-00C04F79EFBC}") = "mimariProje", "mimariProje\mimariProje.csproj", "{EB0080B2-D445-4A14-A64F-2E7C1A083EC2}"
EndProject
Global
	GlobalSection(SolutionConfigurationPlatforms) = preSolution
		Debug|Any CPU = Debug|Any CPU
		Release|Any CPU = Release|Any CPU
	EndGlobalSection
	GlobalSection(ProjectConfigurationPlatforms) = postSolution
		{EB0080B2-D445-4A14-A64F-2E7C1A083EC2}.Debug|Any CPU.ActiveCfg = Debug|Any CPU
		{EB0080B2-D445-4A14-A64F-2E7C1A083EC2}.Debug|Any CPU.Build.0 = Debug|Any CPU
		{EB0080B2-D445-4A14-A64F-2E7C1A083EC2}.Release|Any CPU.ActiveCfg = Release|Any CPU
		{EB0080B2-D445-4A14-A64F-2E7C1A083EC2}.Release|Any CPU.Build.0 = Release|Any CPU
	EndGlobalSection
	GlobalSection(SolutionProperties) = preSolution
		HideSolutionNode = FALSE
	EndGlobalSection
	GlobalSection(ExtensibilityGlobals) = postSolution
		SolutionGuid = {757AC25D-B4DB-404A-AE64-4643E335CBF3}
	EndGlobalSection
EndGlobal
